<Solution>
  <Folder Name="/src/">
    <Project Path="src/SweetSecrets.Api/SweetSecrets.Api.csproj" />
    <Project Path="src/SweetSecrets.Application/SweetSecrets.Application.csproj" />
    <Project Path="src/SweetSecrets.Contracts/SweetSecrets.Contracts.csproj" />
    <Project Path="src/SweetSecrets.Domain/SweetSecrets.Domain.csproj" />
    <Project Path="src/SweetSecrets.Infrastructure/SweetSecrets.Infrastructure.csproj" />
    <Project Path="src/SweetSecrets.Web/SweetSecrets.Web.csproj" />
  </Folder>
  <Folder Name="/tests/">
    <Project Path="tests/SweetSecrets.IntegrationTests/SweetSecrets.IntegrationTests.csproj" />
    <Project Path="tests/SweetSecrets.UnitTests/SweetSecrets.UnitTests.csproj" />
  </Folder>
</Solution>
